
Microsoft Visual Studio Solution File, Format Version 12.00
# Visual Studio Version 17
VisualStudioVersion = 17.0.32014.148
MinimumVisualStudioVersion = 10.0.40219.1
Project("{FAE04EC0-301F-11D3-BF4B-00C04F79EFBC}") = "SearchMultiplePDFFiles", "SearchMultiplePDFFiles.csproj", "{EBDE6A18-2B03-4519-B7F3-7F0933809998}"
EndProject
Global
	GlobalSection(SolutionConfigurationPlatforms) = preSolution
		Debug|Any CPU = Debug|Any CPU
		Release|Any CPU = Release|Any CPU
	EndGlobalSection
	GlobalSection(ProjectConfigurationPlatforms) = postSolution
		{EBDE6A18-2B03-4519-B7F3-7F0933809998}.Debug|Any CPU.ActiveCfg = Debug|Any CPU
		{EBDE6A18-2B03-4519-B7F3-7F0933809998}.Debug|Any CPU.Build.0 = Debug|Any CPU
		{EBDE6A18-2B03-4519-B7F3-7F0933809998}.Release|Any CPU.ActiveCfg = Release|Any CPU
		{EBDE6A18-2B03-4519-B7F3-7F0933809998}.Release|Any CPU.Build.0 = Release|Any CPU
	EndGlobalSection
	GlobalSection(SolutionProperties) = preSolution
		HideSolutionNode = FALSE
	EndGlobalSection
	GlobalSection(ExtensibilityGlobals) = postSolution
		SolutionGuid = {A451771B-2D62-4A0D-8456-C786572A5C3A}
	EndGlobalSection
EndGlobal
